
Microsoft Visual Studio Solution File, Format Version 12.00
# Visual Studio Version 17
VisualStudioVersion = 17.0.31903.59
MinimumVisualStudioVersion = 10.0.40219.1
Project("{FAE04EC0-301F-11D3-BF4B-00C04F79EFBC}") = "api", "api\api.csproj", "{E657A75C-E5D7-4519-B765-E2BE4E598F4F}"
EndProject
Project("{FAE04EC0-301F-11D3-BF4B-00C04F79EFBC}") = "application", "application\application.csproj", "{D9E7BF51-26EF-42D4-8079-085E24C74EE8}"
EndProject
Project("{FAE04EC0-301F-11D3-BF4B-00C04F79EFBC}") = "infrastructure", "infrastructure\infrastructure.csproj", "{464A94AF-91C9-43B4-9775-38AFB320BD84}"
EndProject
Project("{FAE04EC0-301F-11D3-BF4B-00C04F79EFBC}") = "domain", "domain\domain.csproj", "{A5DD6156-DFE7-4207-874A-C2827F885048}"
EndProject
Project("{FAE04EC0-301F-11D3-BF4B-00C04F79EFBC}") = "Infrastructure.Tests", "Infrastructure.Tests\Infrastructure.Tests.csproj", "{0D4DC036-E47D-41CF-B436-289FCF72AAC9}"
EndProject
Project("{FAE04EC0-301F-11D3-BF4B-00C04F79EFBC}") = "DockerTester", "DockerTester\DockerTester.csproj", "{42CB5B11-3480-4100-A120-FA55076EEF5C}"
EndProject
Global
	GlobalSection(SolutionConfigurationPlatforms) = preSolution
		Debug|Any CPU = Debug|Any CPU
		Debug|x64 = Debug|x64
		Debug|x86 = Debug|x86
		Release|Any CPU = Release|Any CPU
		Release|x64 = Release|x64
		Release|x86 = Release|x86
	EndGlobalSection
	GlobalSection(ProjectConfigurationPlatforms) = postSolution
		{E657A75C-E5D7-4519-B765-E2BE4E598F4F}.Debug|Any CPU.ActiveCfg = Debug|Any CPU
		{E657A75C-E5D7-4519-B765-E2BE4E598F4F}.Debug|Any CPU.Build.0 = Debug|Any CPU
		{E657A75C-E5D7-4519-B765-E2BE4E598F4F}.Debug|x64.ActiveCfg = Debug|Any CPU
		{E657A75C-E5D7-4519-B765-E2BE4E598F4F}.Debug|x64.Build.0 = Debug|Any CPU
		{E657A75C-E5D7-4519-B765-E2BE4E598F4F}.Debug|x86.ActiveCfg = Debug|Any CPU
		{E657A75C-E5D7-4519-B765-E2BE4E598F4F}.Debug|x86.Build.0 = Debug|Any CPU
		{E657A75C-E5D7-4519-B765-E2BE4E598F4F}.Release|Any CPU.ActiveCfg = Release|Any CPU
		{E657A75C-E5D7-4519-B765-E2BE4E598F4F}.Release|Any CPU.Build.0 = Release|Any CPU
		{E657A75C-E5D7-4519-B765-E2BE4E598F4F}.Release|x64.ActiveCfg = Release|Any CPU
		{E657A75C-E5D7-4519-B765-E2BE4E598F4F}.Release|x64.Build.0 = Release|Any CPU
		{E657A75C-E5D7-4519-B765-E2BE4E598F4F}.Release|x86.ActiveCfg = Release|Any CPU
		{E657A75C-E5D7-4519-B765-E2BE4E598F4F}.Release|x86.Build.0 = Release|Any CPU
		{D9E7BF51-26EF-42D4-8079-085E24C74EE8}.Debug|Any CPU.ActiveCfg = Debug|Any CPU
		{D9E7BF51-26EF-42D4-8079-085E24C74EE8}.Debug|Any CPU.Build.0 = Debug|Any CPU
		{D9E7BF51-26EF-42D4-8079-085E24C74EE8}.Debug|x64.ActiveCfg = Debug|Any CPU
		{D9E7BF51-26EF-42D4-8079-085E24C74EE8}.Debug|x64.Build.0 = Debug|Any CPU
		{D9E7BF51-26EF-42D4-8079-085E24C74EE8}.Debug|x86.ActiveCfg = Debug|Any CPU
		{D9E7BF51-26EF-42D4-8079-085E24C74EE8}.Debug|x86.Build.0 = Debug|Any CPU
		{D9E7BF51-26EF-42D4-8079-085E24C74EE8}.Release|Any CPU.ActiveCfg = Release|Any CPU
		{D9E7BF51-26EF-42D4-8079-085E24C74EE8}.Release|Any CPU.Build.0 = Release|Any CPU
		{D9E7BF51-26EF-42D4-8079-085E24C74EE8}.Release|x64.ActiveCfg = Release|Any CPU
		{D9E7BF51-26EF-42D4-8079-085E24C74EE8}.Release|x64.Build.0 = Release|Any CPU
		{D9E7BF51-26EF-42D4-8079-085E24C74EE8}.Release|x86.ActiveCfg = Release|Any CPU
		{D9E7BF51-26EF-42D4-8079-085E24C74EE8}.Release|x86.Build.0 = Release|Any CPU
		{464A94AF-91C9-43B4-9775-38AFB320BD84}.Debug|Any CPU.ActiveCfg = Debug|Any CPU
		{464A94AF-91C9-43B4-9775-38AFB320BD84}.Debug|Any CPU.Build.0 = Debug|Any CPU
		{464A94AF-91C9-43B4-9775-38AFB320BD84}.Debug|x64.ActiveCfg = Debug|Any CPU
		{464A94AF-91C9-43B4-9775-38AFB320BD84}.Debug|x64.Build.0 = Debug|Any CPU
		{464A94AF-91C9-43B4-9775-38AFB320BD84}.Debug|x86.ActiveCfg = Debug|Any CPU
		{464A94AF-91C9-43B4-9775-38AFB320BD84}.Debug|x86.Build.0 = Debug|Any CPU
		{464A94AF-91C9-43B4-9775-38AFB320BD84}.Release|Any CPU.ActiveCfg = Release|Any CPU
		{464A94AF-91C9-43B4-9775-38AFB320BD84}.Release|Any CPU.Build.0 = Release|Any CPU
		{464A94AF-91C9-43B4-9775-38AFB320BD84}.Release|x64.ActiveCfg = Release|Any CPU
		{464A94AF-91C9-43B4-9775-38AFB320BD84}.Release|x64.Build.0 = Release|Any CPU
		{464A94AF-91C9-43B4-9775-38AFB320BD84}.Release|x86.ActiveCfg = Release|Any CPU
		{464A94AF-91C9-43B4-9775-38AFB320BD84}.Release|x86.Build.0 = Release|Any CPU
		{A5DD6156-DFE7-4207-874A-C2827F885048}.Debug|Any CPU.ActiveCfg = Debug|Any CPU
		{A5DD6156-DFE7-4207-874A-C2827F885048}.Debug|Any CPU.Build.0 = Debug|Any CPU
		{A5DD6156-DFE7-4207-874A-C2827F885048}.Debug|x64.ActiveCfg = Debug|Any CPU
		{A5DD6156-DFE7-4207-874A-C2827F885048}.Debug|x64.Build.0 = Debug|Any CPU
		{A5DD6156-DFE7-4207-874A-C2827F885048}.Debug|x86.ActiveCfg = Debug|Any CPU
		{A5DD6156-DFE7-4207-874A-C2827F885048}.Debug|x86.Build.0 = Debug|Any CPU
		{A5DD6156-DFE7-4207-874A-C2827F885048}.Release|Any CPU.ActiveCfg = Release|Any CPU
		{A5DD6156-DFE7-4207-874A-C2827F885048}.Release|Any CPU.Build.0 = Release|Any CPU
		{A5DD6156-DFE7-4207-874A-C2827F885048}.Release|x64.ActiveCfg = Release|Any CPU
		{A5DD6156-DFE7-4207-874A-C2827F885048}.Release|x64.Build.0 = Release|Any CPU
		{A5DD6156-DFE7-4207-874A-C2827F885048}.Release|x86.ActiveCfg = Release|Any CPU
		{A5DD6156-DFE7-4207-874A-C2827F885048}.Release|x86.Build.0 = Release|Any CPU
		{0D4DC036-E47D-41CF-B436-289FCF72AAC9}.Debug|Any CPU.ActiveCfg = Debug|Any CPU
		{0D4DC036-E47D-41CF-B436-289FCF72AAC9}.Debug|Any CPU.Build.0 = Debug|Any CPU
		{0D4DC036-E47D-41CF-B436-289FCF72AAC9}.Debug|x64.ActiveCfg = Debug|Any CPU
		{0D4DC036-E47D-41CF-B436-289FCF72AAC9}.Debug|x64.Build.0 = Debug|Any CPU
		{0D4DC036-E47D-41CF-B436-289FCF72AAC9}.Debug|x86.ActiveCfg = Debug|Any CPU
		{0D4DC036-E47D-41CF-B436-289FCF72AAC9}.Debug|x86.Build.0 = Debug|Any CPU
		{0D4DC036-E47D-41CF-B436-289FCF72AAC9}.Release|Any CPU.ActiveCfg = Release|Any CPU
		{0D4DC036-E47D-41CF-B436-289FCF72AAC9}.Release|Any CPU.Build.0 = Release|Any CPU
		{0D4DC036-E47D-41CF-B436-289FCF72AAC9}.Release|x64.ActiveCfg = Release|Any CPU
		{0D4DC036-E47D-41CF-B436-289FCF72AAC9}.Release|x64.Build.0 = Release|Any CPU
		{0D4DC036-E47D-41CF-B436-289FCF72AAC9}.Release|x86.ActiveCfg = Release|Any CPU
		{0D4DC036-E47D-41CF-B436-289FCF72AAC9}.Release|x86.Build.0 = Release|Any CPU
		{42CB5B11-3480-4100-A120-FA55076EEF5C}.Debug|Any CPU.ActiveCfg = Debug|Any CPU
		{42CB5B11-3480-4100-A120-FA55076EEF5C}.Debug|Any CPU.Build.0 = Debug|Any CPU
		{42CB5B11-3480-4100-A120-FA55076EEF5C}.Debug|x64.ActiveCfg = Debug|Any CPU
		{42CB5B11-3480-4100-A120-FA55076EEF5C}.Debug|x64.Build.0 = Debug|Any CPU
		{42CB5B11-3480-4100-A120-FA55076EEF5C}.Debug|x86.ActiveCfg = Debug|Any CPU
		{42CB5B11-3480-4100-A120-FA55076EEF5C}.Debug|x86.Build.0 = Debug|Any CPU
		{42CB5B11-3480-4100-A120-FA55076EEF5C}.Release|Any CPU.ActiveCfg = Release|Any CPU
		{42CB5B11-3480-4100-A120-FA55076EEF5C}.Release|Any CPU.Build.0 = Release|Any CPU
		{42CB5B11-3480-4100-A120-FA55076EEF5C}.Release|x64.ActiveCfg = Release|Any CPU
		{42CB5B11-3480-4100-A120-FA55076EEF5C}.Release|x64.Build.0 = Release|Any CPU
		{42CB5B11-3480-4100-A120-FA55076EEF5C}.Release|x86.ActiveCfg = Release|Any CPU
		{42CB5B11-3480-4100-A120-FA55076EEF5C}.Release|x86.Build.0 = Release|Any CPU
	EndGlobalSection
	GlobalSection(SolutionProperties) = preSolution
		HideSolutionNode = FALSE
	EndGlobalSection
EndGlobal
